
Microsoft Visual Studio Solution File, Format Version 12.00
# Visual Studio Version 17
VisualStudioVersion = 17.4.33103.184
MinimumVisualStudioVersion = 10.0.40219.1
Project("{FAE04EC0-301F-11D3-BF4B-00C04F79EFBC}") = "Beca.KeyboardShop", "Beca.KeyboardShop\Beca.KeyboardShop.csproj", "{43F4A139-1839-4705-880E-430800000BF7}"
EndProject
Global
	GlobalSection(SolutionConfigurationPlatforms) = preSolution
		Debug|Any CPU = Debug|Any CPU
		Release|Any CPU = Release|Any CPU
	EndGlobalSection
	GlobalSection(ProjectConfigurationPlatforms) = postSolution
		{43F4A139-1839-4705-880E-430800000BF7}.Debug|Any CPU.ActiveCfg = Debug|Any CPU
		{43F4A139-1839-4705-880E-430800000BF7}.Debug|Any CPU.Build.0 = Debug|Any CPU
		{43F4A139-1839-4705-880E-430800000BF7}.Release|Any CPU.ActiveCfg = Release|Any CPU
		{43F4A139-1839-4705-880E-430800000BF7}.Release|Any CPU.Build.0 = Release|Any CPU
	EndGlobalSection
	GlobalSection(SolutionProperties) = preSolution
		HideSolutionNode = FALSE
	EndGlobalSection
	GlobalSection(ExtensibilityGlobals) = postSolution
		SolutionGuid = {30C44E11-EDD5-4D01-B407-03B9F4CA4908}
	EndGlobalSection
EndGlobal
